
Microsoft Visual Studio Solution File, Format Version 12.00
# Visual Studio 15
VisualStudioVersion = 15.0.26124.0
MinimumVisualStudioVersion = 15.0.26124.0
Project("{2150E333-8FDC-42A3-9474-1A3956D46DE8}") = "src", "src", "{1BEB82F0-D086-40F6-87A9-47929178B670}"
EndProject
Project("{FAE04EC0-301F-11D3-BF4B-00C04F79EFBC}") = "dotnetKonf.Web", "src\dotnetKonf.Web\dotnetKonf.Web.csproj", "{D8F3B8BA-1149-407E-9B1F-7BA0BEF28B20}"
EndProject
Project("{2150E333-8FDC-42A3-9474-1A3956D46DE8}") = "test", "test", "{56B5680E-9902-4447-9947-7DFA8C8D8322}"
EndProject
Project("{FAE04EC0-301F-11D3-BF4B-00C04F79EFBC}") = "dotnetKonf.Web.Test", "test\dotnetKonf.Web.Test\dotnetKonf.Web.Test.csproj", "{1A05EDBB-A2CC-4433-9714-2D9D29CC5C81}"
EndProject
Global
	GlobalSection(SolutionConfigurationPlatforms) = preSolution
		Debug|Any CPU = Debug|Any CPU
		Debug|x64 = Debug|x64
		Debug|x86 = Debug|x86
		Release|Any CPU = Release|Any CPU
		Release|x64 = Release|x64
		Release|x86 = Release|x86
	EndGlobalSection
	GlobalSection(SolutionProperties) = preSolution
		HideSolutionNode = FALSE
	EndGlobalSection
	GlobalSection(ProjectConfigurationPlatforms) = postSolution
		{D8F3B8BA-1149-407E-9B1F-7BA0BEF28B20}.Debug|Any CPU.ActiveCfg = Debug|Any CPU
		{D8F3B8BA-1149-407E-9B1F-7BA0BEF28B20}.Debug|Any CPU.Build.0 = Debug|Any CPU
		{D8F3B8BA-1149-407E-9B1F-7BA0BEF28B20}.Debug|x64.ActiveCfg = Debug|Any CPU
		{D8F3B8BA-1149-407E-9B1F-7BA0BEF28B20}.Debug|x64.Build.0 = Debug|Any CPU
		{D8F3B8BA-1149-407E-9B1F-7BA0BEF28B20}.Debug|x86.ActiveCfg = Debug|Any CPU
		{D8F3B8BA-1149-407E-9B1F-7BA0BEF28B20}.Debug|x86.Build.0 = Debug|Any CPU
		{D8F3B8BA-1149-407E-9B1F-7BA0BEF28B20}.Release|Any CPU.ActiveCfg = Release|Any CPU
		{D8F3B8BA-1149-407E-9B1F-7BA0BEF28B20}.Release|Any CPU.Build.0 = Release|Any CPU
		{D8F3B8BA-1149-407E-9B1F-7BA0BEF28B20}.Release|x64.ActiveCfg = Release|Any CPU
		{D8F3B8BA-1149-407E-9B1F-7BA0BEF28B20}.Release|x64.Build.0 = Release|Any CPU
		{D8F3B8BA-1149-407E-9B1F-7BA0BEF28B20}.Release|x86.ActiveCfg = Release|Any CPU
		{D8F3B8BA-1149-407E-9B1F-7BA0BEF28B20}.Release|x86.Build.0 = Release|Any CPU
		{1A05EDBB-A2CC-4433-9714-2D9D29CC5C81}.Debug|Any CPU.ActiveCfg = Debug|Any CPU
		{1A05EDBB-A2CC-4433-9714-2D9D29CC5C81}.Debug|Any CPU.Build.0 = Debug|Any CPU
		{1A05EDBB-A2CC-4433-9714-2D9D29CC5C81}.Debug|x64.ActiveCfg = Debug|Any CPU
		{1A05EDBB-A2CC-4433-9714-2D9D29CC5C81}.Debug|x64.Build.0 = Debug|Any CPU
		{1A05EDBB-A2CC-4433-9714-2D9D29CC5C81}.Debug|x86.ActiveCfg = Debug|Any CPU
		{1A05EDBB-A2CC-4433-9714-2D9D29CC5C81}.Debug|x86.Build.0 = Debug|Any CPU
		{1A05EDBB-A2CC-4433-9714-2D9D29CC5C81}.Release|Any CPU.ActiveCfg = Release|Any CPU
		{1A05EDBB-A2CC-4433-9714-2D9D29CC5C81}.Release|Any CPU.Build.0 = Release|Any CPU
		{1A05EDBB-A2CC-4433-9714-2D9D29CC5C81}.Release|x64.ActiveCfg = Release|Any CPU
		{1A05EDBB-A2CC-4433-9714-2D9D29CC5C81}.Release|x64.Build.0 = Release|Any CPU
		{1A05EDBB-A2CC-4433-9714-2D9D29CC5C81}.Release|x86.ActiveCfg = Release|Any CPU
		{1A05EDBB-A2CC-4433-9714-2D9D29CC5C81}.Release|x86.Build.0 = Release|Any CPU
	EndGlobalSection
	GlobalSection(NestedProjects) = preSolution
		{D8F3B8BA-1149-407E-9B1F-7BA0BEF28B20} = {1BEB82F0-D086-40F6-87A9-47929178B670}
		{1A05EDBB-A2CC-4433-9714-2D9D29CC5C81} = {56B5680E-9902-4447-9947-7DFA8C8D8322}
	EndGlobalSection
EndGlobal
